<?xml version="1.0" encoding="utf-8"?>
<Project ToolsVersion="4.0" xmlns="http://schemas.microsoft.com/developer/msbuild/2003">
  <ItemGroup>
    <Filter Include="Engine">
      <UniqueIdentifier>{c69dc148-e16b-45e9-8c79-20fc3d6e6d2e}</UniqueIdentifier>
    </Filter>
    <Filter Include="Engine\Header Files">
      <UniqueIdentifier>{d8ad812a-6d6a-4c8a-be32-9196bd4403e4}</UniqueIdentifier>
      <Extensions>
      </Extensions>
    </Filter>
    <Filter Include="Application">
      <UniqueIdentifier>{fdb541a4-2929-4790-b53f-4ab9a77dac32}</UniqueIdentifier>
    </Filter>
    <Filter Include="Game">
      <UniqueIdentifier>{685bcf18-4742-43b4-9047-f20cbedc3485}</UniqueIdentifier>
    </Filter>
    <Filter Include="Game\Source Files">
      <UniqueIdentifier>{4FC737F1-C7A5-4376-A066-2A32D752A2FF}</UniqueIdentifier>
      <Extensions>cpp;c;cc;cxx;c++;cppm;ixx;def;odl;idl;hpj;bat;asm;asmx</Extensions>
    </Filter>
    <Filter Include="Game\Header Files">
      <UniqueIdentifier>{b44734a2-dcce-4d8f-afab-94c14e2c065e}</UniqueIdentifier>
      <Extensions>h;hh;hpp;hxx;h++;hm;inl;inc;ipp;xsd</Extensions>
    </Filter>
    <Filter Include="Application\Source Files">
      <UniqueIdentifier>{6660481e-513d-4299-bd25-92a32e4299c5}</UniqueIdentifier>
      <Extensions>
      </Extensions>
    </Filter>
    <Filter Include="Application\Header Files">
      <UniqueIdentifier>{209277ca-edde-45fd-96fa-d734570a07a9}</UniqueIdentifier>
      <Extensions>
      </Extensions>
    </Filter>
    <Filter Include="Engine\Source Files">
      <UniqueIdentifier>{33de3b25-b573-4b9d-a950-14f21546a645}</UniqueIdentifier>
      <Extensions>
      </Extensions>
    </Filter>
  </ItemGroup>
  <ItemGroup>
    <ClCompile Include="Game.cpp">
      <Filter>Game\Source Files</Filter>
    </ClCompile>
    <ClCompile Include="ErrorLogger.cpp">
      <Filter>Application\Source Files</Filter>
    </ClCompile>
    <ClCompile Include="Event.cpp">
      <Filter>Application\Source Files</Filter>
    </ClCompile>
    <ClCompile Include="GameObject.cpp">
      <Filter>Application\Source Files</Filter>
    </ClCompile>
    <ClCompile Include="GameTimer.cpp">
      <Filter>Application\Source Files</Filter>
    </ClCompile>
    <ClCompile Include="HornetApp.cpp">
      <Filter>Application\Source Files</Filter>
    </ClCompile>
    <ClCompile Include="HornetMenus.cpp">
      <Filter>Application\Source Files</Filter>
    </ClCompile>
    <ClCompile Include="main.cpp">
      <Filter>Application\Source Files</Filter>
    </ClCompile>
    <ClCompile Include="ObjectManager.cpp">
      <Filter>Application\Source Files</Filter>
    </ClCompile>
    <ClCompile Include="Settings.cpp">
      <Filter>Application\Source Files</Filter>
    </ClCompile>
    <ClCompile Include="Angle.cpp">
      <Filter>Engine\Source Files</Filter>
    </ClCompile>
    <ClCompile Include="HtAudio.cpp">
      <Filter>Engine\Source Files</Filter>
    </ClCompile>
    <ClCompile Include="HtCamera.cpp">
      <Filter>Engine\Source Files</Filter>
    </ClCompile>
    <ClCompile Include="HtGameController.cpp">
      <Filter>Engine\Source Files</Filter>
    </ClCompile>
    <ClCompile Include="HtGraphics.cpp">
      <Filter>Engine\Source Files</Filter>
    </ClCompile>
    <ClCompile Include="HtKeyboard.cpp">
      <Filter>Engine\Source Files</Filter>
    </ClCompile>
    <ClCompile Include="HtMouse.cpp">
      <Filter>Engine\Source Files</Filter>
    </ClCompile>
    <ClCompile Include="Shapes.cpp">
      <Filter>Engine\Source Files</Filter>
    </ClCompile>
    <ClCompile Include="Vector2D.cpp">
      <Filter>Engine\Source Files</Filter>
    </ClCompile>
  </ItemGroup>
  <ItemGroup>
    <ClInclude Include="HtAudio.h">
      <Filter>Engine\Header Files</Filter>
    </ClInclude>
    <ClInclude Include="HtCamera.h">
      <Filter>Engine\Header Files</Filter>
    </ClInclude>
    <ClInclude Include="HtGameController.h">
      <Filter>Engine\Header Files</Filter>
    </ClInclude>
    <ClInclude Include="HtGraphics.h">
      <Filter>Engine\Header Files</Filter>
    </ClInclude>
    <ClInclude Include="HtKeyboard.h">
      <Filter>Engine\Header Files</Filter>
    </ClInclude>
    <ClInclude Include="HtMouse.h">
      <Filter>Engine\Header Files</Filter>
    </ClInclude>
    <ClInclude Include="Game.h">
      <Filter>Game\Header Files</Filter>
    </ClInclude>
    <ClInclude Include="objecttypes.h">
      <Filter>Game\Header Files</Filter>
    </ClInclude>
    <ClInclude Include="Event.h">
      <Filter>Application\Header Files</Filter>
    </ClInclude>
    <ClInclude Include="GameObject.h">
      <Filter>Application\Header Files</Filter>
    </ClInclude>
    <ClInclude Include="GameTimer.h">
      <Filter>Application\Header Files</Filter>
    </ClInclude>
    <ClInclude Include="HornetApp.h">
      <Filter>Application\Header Files</Filter>
    </ClInclude>
    <ClInclude Include="HornetMenus.h">
      <Filter>Application\Header Files</Filter>
    </ClInclude>
    <ClInclude Include="ObjectManager.h">
      <Filter>Application\Header Files</Filter>
    </ClInclude>
    <ClInclude Include="Settings.h">
      <Filter>Application\Header Files</Filter>
    </ClInclude>
    <ClInclude Include="Angle.h">
      <Filter>Engine\Header Files</Filter>
    </ClInclude>
    <ClInclude Include="ErrorLogger.h">
      <Filter>Engine\Header Files</Filter>
    </ClInclude>
    <ClInclude Include="Result.h">
      <Filter>Engine\Header Files</Filter>
    </ClInclude>
    <ClInclude Include="Shapes.h">
      <Filter>Engine\Header Files</Filter>
    </ClInclude>
    <ClInclude Include="Vector2D.h">
      <Filter>Engine\Header Files</Filter>
    </ClInclude>
  </ItemGroup>
</Project>